github.com/andreyvit/diff v0.0.0-20170406064948-c7f18ee00883 h1:bvNMNQO63//z+xNgfBlViaCIJKLlCJ6/fmUseuG0wVQ=
github.com/andreyvit/diff v0.0.0-20170406064948-c7f18ee00883/go.mod h1:rCTlJbsFo29Kk6CurOXKm700vrz8f0KW0JNfpkRJY/8=
github.com/fatlotus/batchwriter v0.0.0-20180902175937-b24bdb811de7 h1:qEOGB8qy+nfiGd5EQZeC6oT78WD7aCwX79Vv4fKna/Q=
github.com/fatlotus/batchwriter v0.0.0-20180902175937-b24bdb811de7/go.mod h1:bXUrFhk/dzfx61ttDwd6YIIRxJrlBdLDnI0RRgq3kLY=
github.com/sergi/go-diff v1.0.0 h1:Kpca3qRNrduNnOQeazBd0ysaKrUJiIuISHxogkT9RPQ=
github.com/sergi/go-diff v1.0.0/go.mod h1:0CfEIISq7TuYL3j771MWULgwwjU+GofnZX9QAmXWZgo=
